
Microsoft Visual Studio Solution File, Format Version 12.00
# Visual Studio 2013
VisualStudioVersion = 12.0.0.0
MinimumVisualStudioVersion = 10.0.0.1
Project("{FAE04EC0-301F-11D3-BF4B-00C04F79EFBC}") = "Engine", "Engine\Engine.csproj", "{215173AA-4D63-4E83-988F-0E114E312287}"
EndProject
Project("{FAE04EC0-301F-11D3-BF4B-00C04F79EFBC}") = "ConsoleRunner", "ConsoleRunner\ConsoleRunner.csproj", "{CE88FB3A-5D7E-4D27-8EE2-E36B62E0D254}"
EndProject
Global
	GlobalSection(SolutionConfigurationPlatforms) = preSolution
		Debug|Any CPU = Debug|Any CPU
		Release|Any CPU = Release|Any CPU
	EndGlobalSection
	GlobalSection(ProjectConfigurationPlatforms) = postSolution
		{215173AA-4D63-4E83-988F-0E114E312287}.Debug|Any CPU.ActiveCfg = Debug|Any CPU
		{215173AA-4D63-4E83-988F-0E114E312287}.Debug|Any CPU.Build.0 = Debug|Any CPU
		{215173AA-4D63-4E83-988F-0E114E312287}.Release|Any CPU.ActiveCfg = Release|Any CPU
		{215173AA-4D63-4E83-988F-0E114E312287}.Release|Any CPU.Build.0 = Release|Any CPU
		{CE88FB3A-5D7E-4D27-8EE2-E36B62E0D254}.Debug|Any CPU.ActiveCfg = Debug|Any CPU
		{CE88FB3A-5D7E-4D27-8EE2-E36B62E0D254}.Debug|Any CPU.Build.0 = Debug|Any CPU
		{CE88FB3A-5D7E-4D27-8EE2-E36B62E0D254}.Release|Any CPU.ActiveCfg = Release|Any CPU
		{CE88FB3A-5D7E-4D27-8EE2-E36B62E0D254}.Release|Any CPU.Build.0 = Release|Any CPU
	EndGlobalSection
	GlobalSection(SolutionProperties) = preSolution
		HideSolutionNode = FALSE
	EndGlobalSection
EndGlobal
